{
  "lockfileVersion": 1,
  "configVersion": 1,
  "workspaces": {
    "": {
      "name": "asher-skills",
      "dependencies": {
        "prettier": "^3.9.6",
      },
      "devDependencies": {
        "marked": "^18.0.12",
        "marked-gfm-heading-id": "^4.1.4",
      },
    },
  },
  "packages": {
    "github-slugger": ["github-slugger@2.0.0", "", {}, "sha512-IaOQ9puYtjrkq7Y0Ygl9KDZnrf/aiUJYUpVf89y8kyaxbRG7Y1SrX/jaumrv81vc61+kiMempujsM3Yw7w5qcw=="],

    "marked": ["marked@18.0.12", "", { "bin": { "marked": "bin/marked.js" } }, "sha512-LEm4ga2YeI2T3GVHj9b0BaDPPk93LLTHMFeMyQbNIzPxc8vCI0y/scy0ZA6z6lXKyT9j9Nhl/OC6ZYKYGuFScA=="],

    "marked-gfm-heading-id": ["marked-gfm-heading-id@4.1.4", "", { "dependencies": { "github-slugger": "^2.0.0" }, "peerDependencies": { "marked": ">=13 <19" } }, "sha512-CspnvVfHSkb/znqdPS4jUR8HtCjq3M/DnrsJCrfLBLvdrgbemmoINKpeWKQYkBiXAoBGejw0cV7xzqrPdup3WA=="],

    "prettier": ["prettier@3.9.6", "", { "bin": { "prettier": "bin/prettier.cjs" } }, "sha512-OpN0zzVdiaiAhxpuuj5efpIS4sY9j7bY6uR5mnj5yPzGkdkjNKSJeUThPb60Jw29QuAZgA4o+/iB49kFiaBX6g=="],
  }
}
